<?xml version="1.0" encoding="utf-8"?>
<Project ToolsVersion="4.0" xmlns="http://schemas.microsoft.com/developer/msbuild/2003">
  <ItemGroup>
    <Filter Include="Source Files">
      <UniqueIdentifier>{4FC737F1-C7A5-4376-A066-2A32D752A2FF}</UniqueIdentifier>
      <Extensions>cpp;c;cc;cxx;c++;cppm;ixx;def;odl;idl;hpj;bat;asm;asmx</Extensions>
    </Filter>
    <Filter Include="Resource Files">
      <UniqueIdentifier>{67DA6AB6-F800-4c08-8B7A-83BB121AAD01}</UniqueIdentifier>
      <Extensions>rc;ico;cur;bmp;dlg;rc2;rct;bin;rgs;gif;jpg;jpeg;jpe;resx;tiff;tif;png;wav;mfcribbon-ms</Extensions>
    </Filter>
    <Filter Include="md5">
      <UniqueIdentifier>{c28d603b-de0f-43bb-9d8c-3e661ef4e89a}</UniqueIdentifier>
    </Filter>
    <Filter Include="utility">
      <UniqueIdentifier>{f2b6d76a-0fee-43bc-b44b-979e5c01c421}</UniqueIdentifier>
    </Filter>
    <Filter Include="header">
      <UniqueIdentifier>{7d18a8d8-321e-4ede-a4a0-5af62e88201c}</UniqueIdentifier>
    </Filter>
  </ItemGroup>
  <ItemGroup>
    <ClCompile Include="main.cpp">
      <Filter>Source Files</Filter>
    </ClCompile>
    <ClCompile Include="md5.cpp">
      <Filter>md5</Filter>
    </ClCompile>
    <ClCompile Include="utility.cpp">
      <Filter>utility</Filter>
    </ClCompile>
  </ItemGroup>
  <ItemGroup>
    <ClInclude Include="md5.h">
      <Filter>md5</Filter>
    </ClInclude>
    <ClInclude Include="utility.h">
      <Filter>utility</Filter>
    </ClInclude>
    <ClInclude Include="colour.hpp">
      <Filter>header</Filter>
    </ClInclude>
  </ItemGroup>
</Project>